
Microsoft Visual Studio Solution File, Format Version 12.00
# Visual Studio Version 16
VisualStudioVersion = 16.0.30804.86
MinimumVisualStudioVersion = 10.0.40219.1
Project("{FAE04EC0-301F-11D3-BF4B-00C04F79EFBC}") = "farmdiary", "farmdiary\farmdiary.csproj", "{DFA0A911-7960-4573-B5D6-F45D264B714A}"
EndProject
Global
	GlobalSection(SolutionConfigurationPlatforms) = preSolution
		Debug|Any CPU = Debug|Any CPU
		Release|Any CPU = Release|Any CPU
	EndGlobalSection
	GlobalSection(ProjectConfigurationPlatforms) = postSolution
		{DFA0A911-7960-4573-B5D6-F45D264B714A}.Debug|Any CPU.ActiveCfg = Debug|Any CPU
		{DFA0A911-7960-4573-B5D6-F45D264B714A}.Debug|Any CPU.Build.0 = Debug|Any CPU
		{DFA0A911-7960-4573-B5D6-F45D264B714A}.Release|Any CPU.ActiveCfg = Release|Any CPU
		{DFA0A911-7960-4573-B5D6-F45D264B714A}.Release|Any CPU.Build.0 = Release|Any CPU
	EndGlobalSection
	GlobalSection(SolutionProperties) = preSolution
		HideSolutionNode = FALSE
	EndGlobalSection
	GlobalSection(ExtensibilityGlobals) = postSolution
		SolutionGuid = {722AA3AF-2510-4E65-A09E-67AF30540BB2}
	EndGlobalSection
EndGlobal
